version = 1
revision = 3
requires-python = ">=3.11"

[[package]]
name = "dingo-dev-tools"
version = "0.0.0"
source = { virtual = "." }

[package.dev-dependencies]
dev = [
    { name = "filecheck" },
    { name = "lit" },
    { name = "mdformat" },
]

[package.metadata]

[package.metadata.requires-dev]
dev = [
    { name = "filecheck", specifier = ">=1.0.3" },
    { name = "lit", specifier = ">=18.1.8" },
    { name = "mdformat" },
]

[[package]]
name = "filecheck"
version = "1.0.3"
source = { registry = "https://pypi.org/simple" }
sdist = { url = "https://files.pythonhosted.org/packages/1e/1c/10167ce597b4badb548cd8f70c7d8f36fdefafa41ba50e19f1a6a775708d/filecheck-1.0.3.tar.gz", hash = "sha256:ccb70500858e8f362f06d5c3e33c9c133785543ade50ddbeb9390681991f1b05", size = 20060, upload-time = "2025-08-19T10:00:06.256Z" }
wheels = [
    { url = "https://files.pythonhosted.org/packages/5c/40/69ca9ea803303e14301fff9d4931b6d080b9603e134df0419c55e9764df4/filecheck-1.0.3-py3-none-any.whl", hash = "sha256:1427d0e82d9c5209ec5cd9fb65745cae16d3003f800321f3c29f4b0729e68a19", size = 23943, upload-time = "2025-08-19T10:00:05.139Z" },
]

[[package]]
name = "lit"
version = "18.1.8"
source = { registry = "https://pypi.org/simple" }
sdist = { url = "https://files.pythonhosted.org/packages/47/b4/d7e210971494db7b9a9ac48ff37dfa59a8b14c773f9cf47e6bda58411c0d/lit-18.1.8.tar.gz", hash = "sha256:47c174a186941ae830f04ded76a3444600be67d5e5fb8282c3783fba671c4edb", size = 161127, upload-time = "2024-06-25T14:33:14.489Z" }
wheels = [
    { url = "https://files.pythonhosted.org/packages/96/06/b36f150fa7c5bcc96a31a4d19a20fddbd1d965b6f02510b57a3bb8d4b930/lit-18.1.8-py3-none-any.whl", hash = "sha256:a873ff7acd76e746368da32eb7355625e2e55a2baaab884c9cc130f2ee0300f7", size = 96365, upload-time = "2024-06-25T14:33:12.101Z" },
]

[[package]]
name = "markdown-it-py"
version = "4.0.0"
source = { registry = "https://pypi.org/simple" }
dependencies = [
    { name = "mdurl" },
]
sdist = { url = "https://files.pythonhosted.org/packages/5b/f5/4ec618ed16cc4f8fb3b701563655a69816155e79e24a17b651541804721d/markdown_it_py-4.0.0.tar.gz", hash = "sha256:cb0a2b4aa34f932c007117b194e945bd74e0ec24133ceb5bac59009cda1cb9f3", size = 73070, upload-time = "2025-08-11T12:57:52.854Z" }
wheels = [
    { url = "https://files.pythonhosted.org/packages/94/54/e7d793b573f298e1c9013b8c4dade17d481164aa517d1d7148619c2cedbf/markdown_it_py-4.0.0-py3-none-any.whl", hash = "sha256:87327c59b172c5011896038353a81343b6754500a08cd7a4973bb48c6d578147", size = 87321, upload-time = "2025-08-11T12:57:51.923Z" },
]

[[package]]
name = "mdformat"
version = "1.0.0"
source = { registry = "https://pypi.org/simple" }
dependencies = [
    { name = "markdown-it-py" },
]
sdist = { url = "https://files.pythonhosted.org/packages/3f/05/32b5e14b192b0a8a309f32232c580aefedd9d06017cb8fe8fce34bec654c/mdformat-1.0.0.tar.gz", hash = "sha256:4954045fcae797c29f86d4ad879e43bb151fa55dbaf74ac6eaeacf1d45bb3928", size = 56953, upload-time = "2025-10-16T12:05:03.695Z" }
wheels = [
    { url = "https://files.pythonhosted.org/packages/54/9a/8fe71b95985ca7a4001effbcc58e5a07a1f2a2884203f74dcf48a3b08315/mdformat-1.0.0-py3-none-any.whl", hash = "sha256:bca015d65a1d063a02e885a91daee303057bc7829c2cd37b2075a50dbb65944b", size = 53288, upload-time = "2025-10-16T12:05:02.607Z" },
]

[[package]]
name = "mdurl"
version = "0.1.2"
source = { registry = "https://pypi.org/simple" }
sdist = { url = "https://files.pythonhosted.org/packages/d6/54/cfe61301667036ec958cb99bd3efefba235e65cdeb9c84d24a8293ba1d90/mdurl-0.1.2.tar.gz", hash = "sha256:bb413d29f5eea38f31dd4754dd7377d4465116fb207585f97bf925588687c1ba", size = 8729, upload-time = "2022-08-14T12:40:10.846Z" }
wheels = [
    { url = "https://files.pythonhosted.org/packages/b3/38/89ba8ad64ae25be8de66a6d463314cf1eb366222074cfda9ee839c56a4b4/mdurl-0.1.2-py3-none-any.whl", hash = "sha256:84008a41e51615a49fc9966191ff91509e3c40b939176e643fd50a5c2196b8f8", size = 9979, upload-time = "2022-08-14T12:40:09.779Z" },
]
